
Microsoft Visual Studio Solution File, Format Version 12.00
# Visual Studio Version 17
VisualStudioVersion = 17.7.34202.233
MinimumVisualStudioVersion = 10.0.40219.1
Project("{9A19103F-16F7-4668-BE54-9A1E7A4F7556}") = "PhoneBook.Marek", "PhoneBook.Marek\PhoneBook.Marek.csproj", "{5A45C640-0030-4094-ACB4-8E3E6D87548E}"
EndProject
Project("{FAE04EC0-301F-11D3-BF4B-00C04F79EFBC}") = "PhoneBook.Marek.Tests", "PhoneBook.Marek.Tests\PhoneBook.Marek.Tests.csproj", "{183C1A7F-96E0-4E20-975B-D8F897DA6DAE}"
EndProject
Global
	GlobalSection(SolutionConfigurationPlatforms) = preSolution
		Debug|Any CPU = Debug|Any CPU
		Release|Any CPU = Release|Any CPU
	EndGlobalSection
	GlobalSection(ProjectConfigurationPlatforms) = postSolution
		{5A45C640-0030-4094-ACB4-8E3E6D87548E}.Debug|Any CPU.ActiveCfg = Debug|Any CPU
		{5A45C640-0030-4094-ACB4-8E3E6D87548E}.Debug|Any CPU.Build.0 = Debug|Any CPU
		{5A45C640-0030-4094-ACB4-8E3E6D87548E}.Release|Any CPU.ActiveCfg = Release|Any CPU
		{5A45C640-0030-4094-ACB4-8E3E6D87548E}.Release|Any CPU.Build.0 = Release|Any CPU
		{183C1A7F-96E0-4E20-975B-D8F897DA6DAE}.Debug|Any CPU.ActiveCfg = Debug|Any CPU
		{183C1A7F-96E0-4E20-975B-D8F897DA6DAE}.Debug|Any CPU.Build.0 = Debug|Any CPU
		{183C1A7F-96E0-4E20-975B-D8F897DA6DAE}.Release|Any CPU.ActiveCfg = Release|Any CPU
		{183C1A7F-96E0-4E20-975B-D8F897DA6DAE}.Release|Any CPU.Build.0 = Release|Any CPU
	EndGlobalSection
	GlobalSection(SolutionProperties) = preSolution
		HideSolutionNode = FALSE
	EndGlobalSection
	GlobalSection(ExtensibilityGlobals) = postSolution
		SolutionGuid = {8D163A86-A2DF-479F-BEA9-C8A678981013}
	EndGlobalSection
EndGlobal
